
Microsoft Visual Studio Solution File, Format Version 12.00
# Visual Studio Version 17
VisualStudioVersion = 17.1.32328.378
MinimumVisualStudioVersion = 10.0.40219.1
Project("{FAE04EC0-301F-11D3-BF4B-00C04F79EFBC}") = "Wanderer-program", "Wanderer-program\Wanderer-program.csproj", "{38234EE7-A19C-4551-9E54-F37C15C67856}"
EndProject
Global
	GlobalSection(SolutionConfigurationPlatforms) = preSolution
		Debug|Any CPU = Debug|Any CPU
		Release|Any CPU = Release|Any CPU
	EndGlobalSection
	GlobalSection(ProjectConfigurationPlatforms) = postSolution
		{38234EE7-A19C-4551-9E54-F37C15C67856}.Debug|Any CPU.ActiveCfg = Debug|Any CPU
		{38234EE7-A19C-4551-9E54-F37C15C67856}.Debug|Any CPU.Build.0 = Debug|Any CPU
		{38234EE7-A19C-4551-9E54-F37C15C67856}.Release|Any CPU.ActiveCfg = Release|Any CPU
		{38234EE7-A19C-4551-9E54-F37C15C67856}.Release|Any CPU.Build.0 = Release|Any CPU
	EndGlobalSection
	GlobalSection(SolutionProperties) = preSolution
		HideSolutionNode = FALSE
	EndGlobalSection
	GlobalSection(ExtensibilityGlobals) = postSolution
		SolutionGuid = {1328261A-9361-41C4-934C-C41B0562EBBB}
	EndGlobalSection
EndGlobal
